
Microsoft Visual Studio Solution File, Format Version 12.00
# Visual Studio Version 16
VisualStudioVersion = 16.0.31205.134
MinimumVisualStudioVersion = 10.0.40219.1
Project("{FAE04EC0-301F-11D3-BF4B-00C04F79EFBC}") = "test", "test.csproj", "{10461299-49DC-4B4B-9DA3-D89C22A98296}"
EndProject
Global
	GlobalSection(SolutionConfigurationPlatforms) = preSolution
		Debug|Any CPU = Debug|Any CPU
		Release|Any CPU = Release|Any CPU
	EndGlobalSection
	GlobalSection(ProjectConfigurationPlatforms) = postSolution
		{10461299-49DC-4B4B-9DA3-D89C22A98296}.Debug|Any CPU.ActiveCfg = Debug|Any CPU
		{10461299-49DC-4B4B-9DA3-D89C22A98296}.Debug|Any CPU.Build.0 = Debug|Any CPU
		{10461299-49DC-4B4B-9DA3-D89C22A98296}.Release|Any CPU.ActiveCfg = Release|Any CPU
		{10461299-49DC-4B4B-9DA3-D89C22A98296}.Release|Any CPU.Build.0 = Release|Any CPU
	EndGlobalSection
	GlobalSection(SolutionProperties) = preSolution
		HideSolutionNode = FALSE
	EndGlobalSection
	GlobalSection(ExtensibilityGlobals) = postSolution
		SolutionGuid = {DAB37EBA-DF89-4067-ADC1-0ED7D5E01002}
	EndGlobalSection
EndGlobal
